
Microsoft Visual Studio Solution File, Format Version 12.00
# Visual Studio 2012
Project("{8BC9CEB8-8B4A-11D0-8D11-00A0C91BC942}") = "PaperPlanes", "PaperPlanes\PaperPlanes.vcxproj", "{CB0AEF62-6173-43D5-B803-FFF7A9EA373B}"
EndProject
Project("{F088123C-0E9E-452A-89E6-6BA2F21D5CAC}") = "PaperPlanesUML", "PaperPlanesUML\PaperPlanesUML.modelproj", "{365597F8-B8A9-4647-9B96-5DF74627811E}"
EndProject
Project("{8BC9CEB8-8B4A-11D0-8D11-00A0C91BC942}") = "DirectXTK_Desktop_2012", "DirectXTK\DirectXTK_Desktop_2012.vcxproj", "{E0B52AE7-E160-4D32-BF3F-910B785E5A8E}"
EndProject
Global
	GlobalSection(SolutionConfigurationPlatforms) = preSolution
		Debug|Any CPU = Debug|Any CPU
		Debug|Mixed Platforms = Debug|Mixed Platforms
		Debug|Win32 = Debug|Win32
		Debug|x64 = Debug|x64
		Release|Any CPU = Release|Any CPU
		Release|Mixed Platforms = Release|Mixed Platforms
		Release|Win32 = Release|Win32
		Release|x64 = Release|x64
	EndGlobalSection
	GlobalSection(ProjectConfigurationPlatforms) = postSolution
		{CB0AEF62-6173-43D5-B803-FFF7A9EA373B}.Debug|Any CPU.ActiveCfg = Debug|Win32
		{CB0AEF62-6173-43D5-B803-FFF7A9EA373B}.Debug|Mixed Platforms.ActiveCfg = Debug|Win32
		{CB0AEF62-6173-43D5-B803-FFF7A9EA373B}.Debug|Mixed Platforms.Build.0 = Debug|Win32
		{CB0AEF62-6173-43D5-B803-FFF7A9EA373B}.Debug|Win32.ActiveCfg = Debug|Win32
		{CB0AEF62-6173-43D5-B803-FFF7A9EA373B}.Debug|Win32.Build.0 = Debug|Win32
		{CB0AEF62-6173-43D5-B803-FFF7A9EA373B}.Debug|x64.ActiveCfg = Debug|Win32
		{CB0AEF62-6173-43D5-B803-FFF7A9EA373B}.Release|Any CPU.ActiveCfg = Release|Win32
		{CB0AEF62-6173-43D5-B803-FFF7A9EA373B}.Release|Mixed Platforms.ActiveCfg = Release|Win32
		{CB0AEF62-6173-43D5-B803-FFF7A9EA373B}.Release|Mixed Platforms.Build.0 = Release|Win32
		{CB0AEF62-6173-43D5-B803-FFF7A9EA373B}.Release|Win32.ActiveCfg = Release|Win32
		{CB0AEF62-6173-43D5-B803-FFF7A9EA373B}.Release|Win32.Build.0 = Release|Win32
		{CB0AEF62-6173-43D5-B803-FFF7A9EA373B}.Release|x64.ActiveCfg = Release|Win32
		{365597F8-B8A9-4647-9B96-5DF74627811E}.Debug|Any CPU.ActiveCfg = Debug|Any CPU
		{365597F8-B8A9-4647-9B96-5DF74627811E}.Debug|Any CPU.Build.0 = Debug|Any CPU
		{365597F8-B8A9-4647-9B96-5DF74627811E}.Debug|Mixed Platforms.ActiveCfg = Debug|Any CPU
		{365597F8-B8A9-4647-9B96-5DF74627811E}.Debug|Mixed Platforms.Build.0 = Debug|Any CPU
		{365597F8-B8A9-4647-9B96-5DF74627811E}.Debug|Win32.ActiveCfg = Debug|Any CPU
		{365597F8-B8A9-4647-9B96-5DF74627811E}.Debug|x64.ActiveCfg = Debug|Any CPU
		{365597F8-B8A9-4647-9B96-5DF74627811E}.Release|Any CPU.ActiveCfg = Release|Any CPU
		{365597F8-B8A9-4647-9B96-5DF74627811E}.Release|Any CPU.Build.0 = Release|Any CPU
		{365597F8-B8A9-4647-9B96-5DF74627811E}.Release|Mixed Platforms.ActiveCfg = Release|Any CPU
		{365597F8-B8A9-4647-9B96-5DF74627811E}.Release|Mixed Platforms.Build.0 = Release|Any CPU
		{365597F8-B8A9-4647-9B96-5DF74627811E}.Release|Win32.ActiveCfg = Release|Any CPU
		{365597F8-B8A9-4647-9B96-5DF74627811E}.Release|x64.ActiveCfg = Release|Any CPU
		{E0B52AE7-E160-4D32-BF3F-910B785E5A8E}.Debug|Any CPU.ActiveCfg = Debug|Win32
		{E0B52AE7-E160-4D32-BF3F-910B785E5A8E}.Debug|Mixed Platforms.ActiveCfg = Debug|Win32
		{E0B52AE7-E160-4D32-BF3F-910B785E5A8E}.Debug|Mixed Platforms.Build.0 = Debug|Win32
		{E0B52AE7-E160-4D32-BF3F-910B785E5A8E}.Debug|Win32.ActiveCfg = Debug|Win32
		{E0B52AE7-E160-4D32-BF3F-910B785E5A8E}.Debug|Win32.Build.0 = Debug|Win32
		{E0B52AE7-E160-4D32-BF3F-910B785E5A8E}.Debug|x64.ActiveCfg = Debug|x64
		{E0B52AE7-E160-4D32-BF3F-910B785E5A8E}.Debug|x64.Build.0 = Debug|x64
		{E0B52AE7-E160-4D32-BF3F-910B785E5A8E}.Release|Any CPU.ActiveCfg = Release|Win32
		{E0B52AE7-E160-4D32-BF3F-910B785E5A8E}.Release|Mixed Platforms.ActiveCfg = Release|Win32
		{E0B52AE7-E160-4D32-BF3F-910B785E5A8E}.Release|Mixed Platforms.Build.0 = Release|Win32
		{E0B52AE7-E160-4D32-BF3F-910B785E5A8E}.Release|Win32.ActiveCfg = Release|Win32
		{E0B52AE7-E160-4D32-BF3F-910B785E5A8E}.Release|Win32.Build.0 = Release|Win32
		{E0B52AE7-E160-4D32-BF3F-910B785E5A8E}.Release|x64.ActiveCfg = Release|x64
		{E0B52AE7-E160-4D32-BF3F-910B785E5A8E}.Release|x64.Build.0 = Release|x64
	EndGlobalSection
	GlobalSection(SolutionProperties) = preSolution
		HideSolutionNode = FALSE
	EndGlobalSection
EndGlobal
